// !$*UTF8*$!
{
	archiveVersion = 1;
	classes = {
	};
	objectVersion = 46;
	objects = {

/* Begin PBXBuildFile section */
		98AA1C8D1F1A572C0022ED2B /* AppDelegate.swift in Sources */ = {isa = PBXBuildFile; fileRef = 98AA1C8C1F1A572C0022ED2B /* AppDelegate.swift */; };
		98AA1C8F1F1A572C0022ED2B /* ViewController.swift in Sources */ = {isa = PBXBuildFile; fileRef = 98AA1C8E1F1A572C0022ED2B /* ViewController.swift */; };
		98AA1C921F1A572C0022ED2B /* Main.storyboard in Resources */ = {isa = PBXBuildFile; fileRef = 98AA1C901F1A572C0022ED2B /* Main.storyboard */; };
		98AA1C941F1A572C0022ED2B /* Assets.xcassets in Resources */ = {isa = PBXBuildFile; fileRef = 98AA1C931F1A572C0022ED2B /* Assets.xcassets */; };
		98AA1C971F1A572C0022ED2B /* LaunchScreen.storyboard in Resources */ = {isa = PBXBuildFile; fileRef = 98AA1C951F1A572C0022ED2B /* LaunchScreen.storyboard */; };
		98AA1CA21F1A572C0022ED2B /* CalendarTests.swift in Sources */ = {isa = PBXBuildFile; fileRef = 98AA1CA11F1A572C0022ED2B /* CalendarTests.swift */; };
		98AA1CAD1F1A572C0022ED2B /* CalendarUITests.swift in Sources */ = {isa = PBXBuildFile; fileRef = 98AA1CAC1F1A572C0022ED2B /* CalendarUITests.swift */; };
		98AA1CBB1F1A585B0022ED2B /* calendar.png in Resources */ = {isa = PBXBuildFile; fileRef = 98AA1CBA1F1A585B0022ED2B /* calendar.png */; };
/* End PBXBuildFile section */

/* Begin PBXContainerItemProxy section */
		98AA1C9E1F1A572C0022ED2B /* PBXContainerItemProxy */ = {
			isa = PBXContainerItemProxy;
			containerPortal = 98AA1C811F1A572C0022ED2B /* Project object */;
			proxyType = 1;
			remoteGlobalIDString = 98AA1C881F1A572C0022ED2B;
			remoteInfo = Calendar;
		};
		98AA1CA91F1A572C0022ED2B /* PBXContainerItemProxy */ = {
			isa = PBXContainerItemProxy;
			containerPortal = 98AA1C811F1A572C0022ED2B /* Project object */;
			proxyType = 1;
			remoteGlobalIDString = 98AA1C881F1A572C0022ED2B;
			remoteInfo = Calendar;
		};
/* End PBXContainerItemProxy section */

/* Begin PBXFileReference section */
		98AA1C891F1A572C0022ED2B /* Calendar.app */ = {isa = PBXFileReference; explicitFileType = wrapper.application; includeInIndex = 0; path = Calendar.app; sourceTree = BUILT_PRODUCTS_DIR; };
		98AA1C8C1F1A572C0022ED2B /* AppDelegate.swift */ = {isa = PBXFileReference; lastKnownFileType = sourcecode.swift; path = AppDelegate.swift; sourceTree = "<group>"; };
		98AA1C8E1F1A572C0022ED2B /* ViewController.swift */ = {isa = PBXFileReference; lastKnownFileType = sourcecode.swift; path = ViewController.swift; sourceTree = "<group>"; };
		98AA1C911F1A572C0022ED2B /* Base */ = {isa = PBXFileReference; lastKnownFileType = file.storyboard; name = Base; path = Base.lproj/Main.storyboard; sourceTree = "<group>"; };
		98AA1C931F1A572C0022ED2B /* Assets.xcassets */ = {isa = PBXFileReference; lastKnownFileType = folder.assetcatalog; path = Assets.xcassets; sourceTree = "<group>"; };
		98AA1C961F1A572C0022ED2B /* Base */ = {isa = PBXFileReference; lastKnownFileType = file.storyboard; name = Base; path = Base.lproj/LaunchScreen.storyboard; sourceTree = "<group>"; };
		98AA1C981F1A572C0022ED2B /* Info.plist */ = {isa = PBXFileReference; lastKnownFileType = text.plist.xml; path = Info.plist; sourceTree = "<group>"; };
		98AA1C9D1F1A572C0022ED2B /* CalendarTests.xctest */ = {isa = PBXFileReference; explicitFileType = wrapper.cfbundle; includeInIndex = 0; path = CalendarTests.xctest; sourceTree = BUILT_PRODUCTS_DIR; };
		98AA1CA11F1A572C0022ED2B /* CalendarTests.swift */ = {isa = PBXFileReference; lastKnownFileType = sourcecode.swift; path = CalendarTests.swift; sourceTree = "<group>"; };
		98AA1CA31F1A572C0022ED2B /* Info.plist */ = {isa = PBXFileReference; lastKnownFileType = text.plist.xml; path = Info.plist; sourceTree = "<group>"; };
		98AA1CA81F1A572C0022ED2B /* CalendarUITests.xctest */ = {isa = PBXFileReference; explicitFileType = wrapper.cfbundle; includeInIndex = 0; path = CalendarUITests.xctest; sourceTree = BUILT_PRODUCTS_DIR; };
		98AA1CAC1F1A572C0022ED2B /* CalendarUITests.swift */ = {isa = PBXFileReference; lastKnownFileType = sourcecode.swift; path = CalendarUITests.swift; sourceTree = "<group>"; };
		98AA1CAE1F1A572C0022ED2B /* Info.plist */ = {isa = PBXFileReference; lastKnownFileType = text.plist.xml; path = Info.plist; sourceTree = "<group>"; };
		98AA1CBA1F1A585B0022ED2B /* calendar.png */ = {isa = PBXFileReference; lastKnownFileType = image.png; path = calendar.png; sourceTree = "<group>"; };
/* End PBXFileReference section */

/* Begin PBXFrameworksBuildPhase section */
		98AA1C861F1A572C0022ED2B /* Frameworks */ = {
			isa = PBXFrameworksBuildPhase;
			buildActionMask = 2147483647;
			files = (
			);
			runOnlyForDeploymentPostprocessing = 0;
		};
		98AA1C9A1F1A572C0022ED2B /* Frameworks */ = {
			isa = PBXFrameworksBuildPhase;
			buildActionMask = 2147483647;
			files = (
			);
			runOnlyForDeploymentPostprocessing = 0;
		};
		98AA1CA51F1A572C0022ED2B /* Frameworks */ = {
			isa = PBXFrameworksBuildPhase;
			buildActionMask = 2147483647;
			files = (
			);
			runOnlyForDeploymentPostprocessing = 0;
		};
/* End PBXFrameworksBuildPhase section */

/* Begin PBXGroup section */
		98AA1C801F1A572C0022ED2B = {
			isa = PBXGroup;
			children = (
				98AA1C8B1F1A572C0022ED2B /* Calendar */,
				98AA1CA01F1A572C0022ED2B /* CalendarTests */,
				98AA1CAB1F1A572C0022ED2B /* CalendarUITests */,
				98AA1C8A1F1A572C0022ED2B /* Products */,
			);
			sourceTree = "<group>";
		};
		98AA1C8A1F1A572C0022ED2B /* Products */ = {
			isa = PBXGroup;
			children = (
				98AA1C891F1A572C0022ED2B /* Calendar.app */,
				98AA1C9D1F1A572C0022ED2B /* CalendarTests.xctest */,
				98AA1CA81F1A572C0022ED2B /* CalendarUITests.xctest */,
			);
			name = Products;
			sourceTree = "<group>";
		};
		98AA1C8B1F1A572C0022ED2B /* Calendar */ = {
			isa = PBXGroup;
			children = (
				98AA1CBA1F1A585B0022ED2B /* calendar.png */,
				98AA1C8C1F1A572C0022ED2B /* AppDelegate.swift */,
				98AA1C8E1F1A572C0022ED2B /* ViewController.swift */,
				98AA1C901F1A572C0022ED2B /* Main.storyboard */,
				98AA1C931F1A572C0022ED2B /* Assets.xcassets */,
				98AA1C951F1A572C0022ED2B /* LaunchScreen.storyboard */,
				98AA1C981F1A572C0022ED2B /* Info.plist */,
			);
			path = Calendar;
			sourceTree = "<group>";
		};
		98AA1CA01F1A572C0022ED2B /* CalendarTests */ = {
			isa = PBXGroup;
			children = (
				98AA1CA11F1A572C0022ED2B /* CalendarTests.swift */,
				98AA1CA31F1A572C0022ED2B /* Info.plist */,
			);
			path = CalendarTests;
			sourceTree = "<group>";
		};
		98AA1CAB1F1A572C0022ED2B /* CalendarUITests */ = {
			isa = PBXGroup;
			children = (
				98AA1CAC1F1A572C0022ED2B /* CalendarUITests.swift */,
				98AA1CAE1F1A572C0022ED2B /* Info.plist */,
			);
			path = CalendarUITests;
			sourceTree = "<group>";
		};
/* End PBXGroup section */

/* Begin PBXNativeTarget section */
		98AA1C881F1A572C0022ED2B /* Calendar */ = {
			isa = PBXNativeTarget;
			buildConfigurationList = 98AA1CB11F1A572C0022ED2B /* Build configuration list for PBXNativeTarget "Calendar" */;
			buildPhases = (
				98AA1C851F1A572C0022ED2B /* Sources */,
				98AA1C861F1A572C0022ED2B /* Frameworks */,
				98AA1C871F1A572C0022ED2B /* Resources */,
			);
			buildRules = (
			);
			dependencies = (
			);
			name = Calendar;
			productName = Calendar;
			productReference = 98AA1C891F1A572C0022ED2B /* Calendar.app */;
			productType = "com.apple.product-type.application";
		};
		98AA1C9C1F1A572C0022ED2B /* CalendarTests */ = {
			isa = PBXNativeTarget;
			buildConfigurationList = 98AA1CB41F1A572C0022ED2B /* Build configuration list for PBXNativeTarget "CalendarTests" */;
			buildPhases = (
				98AA1C991F1A572C0022ED2B /* Sources */,
				98AA1C9A1F1A572C0022ED2B /* Frameworks */,
				98AA1C9B1F1A572C0022ED2B /* Resources */,
			);
			buildRules = (
			);
			dependencies = (
				98AA1C9F1F1A572C0022ED2B /* PBXTargetDependency */,
			);
			name = CalendarTests;
			productName = CalendarTests;
			productReference = 98AA1C9D1F1A572C0022ED2B /* CalendarTests.xctest */;
			productType = "com.apple.product-type.bundle.unit-test";
		};
		98AA1CA71F1A572C0022ED2B /* CalendarUITests */ = {
			isa = PBXNativeTarget;
			buildConfigurationList = 98AA1CB71F1A572C0022ED2B /* Build configuration list for PBXNativeTarget "CalendarUITests" */;
			buildPhases = (
				98AA1CA41F1A572C0022ED2B /* Sources */,
				98AA1CA51F1A572C0022ED2B /* Frameworks */,
				98AA1CA61F1A572C0022ED2B /* Resources */,
			);
			buildRules = (
			);
			dependencies = (
				98AA1CAA1F1A572C0022ED2B /* PBXTargetDependency */,
			);
			name = CalendarUITests;
			productName = CalendarUITests;
			productReference = 98AA1CA81F1A572C0022ED2B /* CalendarUITests.xctest */;
			productType = "com.apple.product-type.bundle.ui-testing";
		};
/* End PBXNativeTarget section */

/* Begin PBXProject section */
		98AA1C811F1A572C0022ED2B /* Project object */ = {
			isa = PBXProject;
			attributes = {
				LastSwiftUpdateCheck = 0830;
				LastUpgradeCheck = 0830;
				ORGANIZATIONNAME = woowabrothers;
				TargetAttributes = {
					98AA1C881F1A572C0022ED2B = {
						CreatedOnToolsVersion = 8.3.3;
						ProvisioningStyle = Automatic;
					};
					98AA1C9C1F1A572C0022ED2B = {
						CreatedOnToolsVersion = 8.3.3;
						ProvisioningStyle = Automatic;
						TestTargetID = 98AA1C881F1A572C0022ED2B;
					};
					98AA1CA71F1A572C0022ED2B = {
						CreatedOnToolsVersion = 8.3.3;
						ProvisioningStyle = Automatic;
						TestTargetID = 98AA1C881F1A572C0022ED2B;
					};
				};
			};
			buildConfigurationList = 98AA1C841F1A572C0022ED2B /* Build configuration list for PBXProject "Calendar" */;
			compatibilityVersion = "Xcode 3.2";
			developmentRegion = English;
			hasScannedForEncodings = 0;
			knownRegions = (
				en,
				Base,
			);
			mainGroup = 98AA1C801F1A572C0022ED2B;
			productRefGroup = 98AA1C8A1F1A572C0022ED2B /* Products */;
			projectDirPath = "";
			projectRoot = "";
			targets = (
				98AA1C881F1A572C0022ED2B /* Calendar */,
				98AA1C9C1F1A572C0022ED2B /* CalendarTests */,
				98AA1CA71F1A572C0022ED2B /* CalendarUITests */,
			);
		};
/* End PBXProject section */

/* Begin PBXResourcesBuildPhase section */
		98AA1C871F1A572C0022ED2B /* Resources */ = {
			isa = PBXResourcesBuildPhase;
			buildActionMask = 2147483647;
			files = (
				98AA1C971F1A572C0022ED2B /* LaunchScreen.storyboard in Resources */,
				98AA1CBB1F1A585B0022ED2B /* calendar.png in Resources */,
				98AA1C941F1A572C0022ED2B /* Assets.xcassets in Resources */,
				98AA1C921F1A572C0022ED2B /* Main.storyboard in Resources */,
			);
			runOnlyForDeploymentPostprocessing = 0;
		};
		98AA1C9B1F1A572C0022ED2B /* Resources */ = {
			isa = PBXResourcesBuildPhase;
			buildActionMask = 2147483647;
			files = (
			);
			runOnlyForDeploymentPostprocessing = 0;
		};
		98AA1CA61F1A572C0022ED2B /* Resources */ = {
			isa = PBXResourcesBuildPhase;
			buildActionMask = 2147483647;
			files = (
			);
			runOnlyForDeploymentPostprocessing = 0;
		};
/* End PBXResourcesBuildPhase section */

/* Begin PBXSourcesBuildPhase section */
		98AA1C851F1A572C0022ED2B /* Sources */ = {
			isa = PBXSourcesBuildPhase;
			buildActionMask = 2147483647;
			files = (
				98AA1C8F1F1A572C0022ED2B /* ViewController.swift in Sources */,
				98AA1C8D1F1A572C0022ED2B /* AppDelegate.swift in Sources */,
			);
			runOnlyForDeploymentPostprocessing = 0;
		};
		98AA1C991F1A572C0022ED2B /* Sources */ = {
			isa = PBXSourcesBuildPhase;
			buildActionMask = 2147483647;
			files = (
				98AA1CA21F1A572C0022ED2B /* CalendarTests.swift in Sources */,
			);
			runOnlyForDeploymentPostprocessing = 0;
		};
		98AA1CA41F1A572C0022ED2B /* Sources */ = {
			isa = PBXSourcesBuildPhase;
			buildActionMask = 2147483647;
			files = (
				98AA1CAD1F1A572C0022ED2B /* CalendarUITests.swift in Sources */,
			);
			runOnlyForDeploymentPostprocessing = 0;
		};
/* End PBXSourcesBuildPhase section */

/* Begin PBXTargetDependency section */
		98AA1C9F1F1A572C0022ED2B /* PBXTargetDependency */ = {
			isa = PBXTargetDependency;
			target = 98AA1C881F1A572C0022ED2B /* Calendar */;
			targetProxy = 98AA1C9E1F1A572C0022ED2B /* PBXContainerItemProxy */;
		};
		98AA1CAA1F1A572C0022ED2B /* PBXTargetDependency */ = {
			isa = PBXTargetDependency;
			target = 98AA1C881F1A572C0022ED2B /* Calendar */;
			targetProxy = 98AA1CA91F1A572C0022ED2B /* PBXContainerItemProxy */;
		};
/* End PBXTargetDependency section */

/* Begin PBXVariantGroup section */
		98AA1C901F1A572C0022ED2B /* Main.storyboard */ = {
			isa = PBXVariantGroup;
			children = (
				98AA1C911F1A572C0022ED2B /* Base */,
			);
			name = Main.storyboard;
			sourceTree = "<group>";
		};
		98AA1C951F1A572C0022ED2B /* LaunchScreen.storyboard */ = {
			isa = PBXVariantGroup;
			children = (
				98AA1C961F1A572C0022ED2B /* Base */,
			);
			name = LaunchScreen.storyboard;
			sourceTree = "<group>";
		};
/* End PBXVariantGroup section */

/* Begin XCBuildConfiguration section */
		98AA1CAF1F1A572C0022ED2B /* Debug */ = {
			isa = XCBuildConfiguration;
			buildSettings = {
				ALWAYS_SEARCH_USER_PATHS = NO;
				CLANG_ANALYZER_NONNULL = YES;
				CLANG_ANALYZER_NUMBER_OBJECT_CONVERSION = YES_AGGRESSIVE;
				CLANG_CXX_LANGUAGE_STANDARD = "gnu++0x";
				CLANG_CXX_LIBRARY = "libc++";
				CLANG_ENABLE_MODULES = YES;
				CLANG_ENABLE_OBJC_ARC = YES;
				CLANG_WARN_BOOL_CONVERSION = YES;
				CLANG_WARN_CONSTANT_CONVERSION = YES;
				CLANG_WARN_DIRECT_OBJC_ISA_USAGE = YES_ERROR;
				CLANG_WARN_DOCUMENTATION_COMMENTS = YES;
				CLANG_WARN_EMPTY_BODY = YES;
				CLANG_WARN_ENUM_CONVERSION = YES;
				CLANG_WARN_INFINITE_RECURSION = YES;
				CLANG_WARN_INT_CONVERSION = YES;
				CLANG_WARN_OBJC_ROOT_CLASS = YES_ERROR;
				CLANG_WARN_SUSPICIOUS_MOVE = YES;
				CLANG_WARN_UNREACHABLE_CODE = YES;
				CLANG_WARN__DUPLICATE_METHOD_MATCH = YES;
				"CODE_SIGN_IDENTITY[sdk=iphoneos*]" = "iPhone Developer";
				COPY_PHASE_STRIP = NO;
				DEBUG_INFORMATION_FORMAT = dwarf;
				ENABLE_STRICT_OBJC_MSGSEND = YES;
				ENABLE_TESTABILITY = YES;
				GCC_C_LANGUAGE_STANDARD = gnu99;
				GCC_DYNAMIC_NO_PIC = NO;
				GCC_NO_COMMON_BLOCKS = YES;
				GCC_OPTIMIZATION_LEVEL = 0;
				GCC_PREPROCESSOR_DEFINITIONS = (
					"DEBUG=1",
					"$(inherited)",
				);
				GCC_WARN_64_TO_32_BIT_CONVERSION = YES;
				GCC_WARN_ABOUT_RETURN_TYPE = YES_ERROR;
				GCC_WARN_UNDECLARED_SELECTOR = YES;
				GCC_WARN_UNINITIALIZED_AUTOS = YES_AGGRESSIVE;
				GCC_WARN_UNUSED_FUNCTION = YES;
				GCC_WARN_UNUSED_VARIABLE = YES;
				IPHONEOS_DEPLOYMENT_TARGET = 10.3;
				MTL_ENABLE_DEBUG_INFO = YES;
				ONLY_ACTIVE_ARCH = YES;
				SDKROOT = iphoneos;
				SWIFT_ACTIVE_COMPILATION_CONDITIONS = DEBUG;
				SWIFT_OPTIMIZATION_LEVEL = "-Onone";
				TARGETED_DEVICE_FAMILY = "1,2";
			};
			name = Debug;
		};
		98AA1CB01F1A572C0022ED2B /* Release */ = {
			isa = XCBuildConfiguration;
			buildSettings = {
				ALWAYS_SEARCH_USER_PATHS = NO;
				CLANG_ANALYZER_NONNULL = YES;
				CLANG_ANALYZER_NUMBER_OBJECT_CONVERSION = YES_AGGRESSIVE;
				CLANG_CXX_LANGUAGE_STANDARD = "gnu++0x";
				CLANG_CXX_LIBRARY = "libc++";
				CLANG_ENABLE_MODULES = YES;
				CLANG_ENABLE_OBJC_ARC = YES;
				CLANG_WARN_BOOL_CONVERSION = YES;
				CLANG_WARN_CONSTANT_CONVERSION = YES;
				CLANG_WARN_DIRECT_OBJC_ISA_USAGE = YES_ERROR;
				CLANG_WARN_DOCUMENTATION_COMMENTS = YES;
				CLANG_WARN_EMPTY_BODY = YES;
				CLANG_WARN_ENUM_CONVERSION = YES;
				CLANG_WARN_INFINITE_RECURSION = YES;
				CLANG_WARN_INT_CONVERSION = YES;
				CLANG_WARN_OBJC_ROOT_CLASS = YES_ERROR;
				CLANG_WARN_SUSPICIOUS_MOVE = YES;
				CLANG_WARN_UNREACHABLE_CODE = YES;
				CLANG_WARN__DUPLICATE_METHOD_MATCH = YES;
				"CODE_SIGN_IDENTITY[sdk=iphoneos*]" = "iPhone Developer";
				COPY_PHASE_STRIP = NO;
				DEBUG_INFORMATION_FORMAT = "dwarf-with-dsym";
				ENABLE_NS_ASSERTIONS = NO;
				ENABLE_STRICT_OBJC_MSGSEND = YES;
				GCC_C_LANGUAGE_STANDARD = gnu99;
				GCC_NO_COMMON_BLOCKS = YES;
				GCC_WARN_64_TO_32_BIT_CONVERSION = YES;
				GCC_WARN_ABOUT_RETURN_TYPE = YES_ERROR;
				GCC_WARN_UNDECLARED_SELECTOR = YES;
				GCC_WARN_UNINITIALIZED_AUTOS = YES_AGGRESSIVE;
				GCC_WARN_UNUSED_FUNCTION = YES;
				GCC_WARN_UNUSED_VARIABLE = YES;
				IPHONEOS_DEPLOYMENT_TARGET = 10.3;
				MTL_ENABLE_DEBUG_INFO = NO;
				SDKROOT = iphoneos;
				SWIFT_OPTIMIZATION_LEVEL = "-Owholemodule";
				TARGETED_DEVICE_FAMILY = "1,2";
				VALIDATE_PRODUCT = YES;
			};
			name = Release;
		};
		98AA1CB21F1A572C0022ED2B /* Debug */ = {
			isa = XCBuildConfiguration;
			buildSettings = {
				ASSETCATALOG_COMPILER_APPICON_NAME = AppIcon;
				INFOPLIST_FILE = Calendar/Info.plist;
				LD_RUNPATH_SEARCH_PATHS = "$(inherited) @executable_path/Frameworks";
				PRODUCT_BUNDLE_IDENTIFIER = com.jw.Calendar;
				PRODUCT_NAME = "$(TARGET_NAME)";
				SWIFT_VERSION = 3.0;
			};
			name = Debug;
		};
		98AA1CB31F1A572C0022ED2B /* Release */ = {
			isa = XCBuildConfiguration;
			buildSettings = {
				ASSETCATALOG_COMPILER_APPICON_NAME = AppIcon;
				INFOPLIST_FILE = Calendar/Info.plist;
				LD_RUNPATH_SEARCH_PATHS = "$(inherited) @executable_path/Frameworks";
				PRODUCT_BUNDLE_IDENTIFIER = com.jw.Calendar;
				PRODUCT_NAME = "$(TARGET_NAME)";
				SWIFT_VERSION = 3.0;
			};
			name = Release;
		};
		98AA1CB51F1A572C0022ED2B /* Debug */ = {
			isa = XCBuildConfiguration;
			buildSettings = {
				ALWAYS_EMBED_SWIFT_STANDARD_LIBRARIES = YES;
				BUNDLE_LOADER = "$(TEST_HOST)";
				INFOPLIST_FILE = CalendarTests/Info.plist;
				LD_RUNPATH_SEARCH_PATHS = "$(inherited) @executable_path/Frameworks @loader_path/Frameworks";
				PRODUCT_BUNDLE_IDENTIFIER = com.jw.CalendarTests;
				PRODUCT_NAME = "$(TARGET_NAME)";
				SWIFT_VERSION = 3.0;
				TEST_HOST = "$(BUILT_PRODUCTS_DIR)/Calendar.app/Calendar";
			};
			name = Debug;
		};
		98AA1CB61F1A572C0022ED2B /* Release */ = {
			isa = XCBuildConfiguration;
			buildSettings = {
				ALWAYS_EMBED_SWIFT_STANDARD_LIBRARIES = YES;
				BUNDLE_LOADER = "$(TEST_HOST)";
				INFOPLIST_FILE = CalendarTests/Info.plist;
				LD_RUNPATH_SEARCH_PATHS = "$(inherited) @executable_path/Frameworks @loader_path/Frameworks";
				PRODUCT_BUNDLE_IDENTIFIER = com.jw.CalendarTests;
				PRODUCT_NAME = "$(TARGET_NAME)";
				SWIFT_VERSION = 3.0;
				TEST_HOST = "$(BUILT_PRODUCTS_DIR)/Calendar.app/Calendar";
			};
			name = Release;
		};
		98AA1CB81F1A572C0022ED2B /* Debug */ = {
			isa = XCBuildConfiguration;
			buildSettings = {
				ALWAYS_EMBED_SWIFT_STANDARD_LIBRARIES = YES;
				INFOPLIST_FILE = CalendarUITests/Info.plist;
				LD_RUNPATH_SEARCH_PATHS = "$(inherited) @executable_path/Frameworks @loader_path/Frameworks";
				PRODUCT_BUNDLE_IDENTIFIER = com.jw.CalendarUITests;
				PRODUCT_NAME = "$(TARGET_NAME)";
				SWIFT_VERSION = 3.0;
				TEST_TARGET_NAME = Calendar;
			};
			name = Debug;
		};
		98AA1CB91F1A572C0022ED2B /* Release */ = {
			isa = XCBuildConfiguration;
			buildSettings = {
				ALWAYS_EMBED_SWIFT_STANDARD_LIBRARIES = YES;
				INFOPLIST_FILE = CalendarUITests/Info.plist;
				LD_RUNPATH_SEARCH_PATHS = "$(inherited) @executable_path/Frameworks @loader_path/Frameworks";
				PRODUCT_BUNDLE_IDENTIFIER = com.jw.CalendarUITests;
				PRODUCT_NAME = "$(TARGET_NAME)";
				SWIFT_VERSION = 3.0;
				TEST_TARGET_NAME = Calendar;
			};
			name = Release;
		};
/* End XCBuildConfiguration section */

/* Begin XCConfigurationList section */
		98AA1C841F1A572C0022ED2B /* Build configuration list for PBXProject "Calendar" */ = {
			isa = XCConfigurationList;
			buildConfigurations = (
				98AA1CAF1F1A572C0022ED2B /* Debug */,
				98AA1CB01F1A572C0022ED2B /* Release */,
			);
			defaultConfigurationIsVisible = 0;
			defaultConfigurationName = Release;
		};
		98AA1CB11F1A572C0022ED2B /* Build configuration list for PBXNativeTarget "Calendar" */ = {
			isa = XCConfigurationList;
			buildConfigurations = (
				98AA1CB21F1A572C0022ED2B /* Debug */,
				98AA1CB31F1A572C0022ED2B /* Release */,
			);
			defaultConfigurationIsVisible = 0;
		};
		98AA1CB41F1A572C0022ED2B /* Build configuration list for PBXNativeTarget "CalendarTests" */ = {
			isa = XCConfigurationList;
			buildConfigurations = (
				98AA1CB51F1A572C0022ED2B /* Debug */,
				98AA1CB61F1A572C0022ED2B /* Release */,
			);
			defaultConfigurationIsVisible = 0;
		};
		98AA1CB71F1A572C0022ED2B /* Build configuration list for PBXNativeTarget "CalendarUITests" */ = {
			isa = XCConfigurationList;
			buildConfigurations = (
				98AA1CB81F1A572C0022ED2B /* Debug */,
				98AA1CB91F1A572C0022ED2B /* Release */,
			);
			defaultConfigurationIsVisible = 0;
		};
/* End XCConfigurationList section */
	};
	rootObject = 98AA1C811F1A572C0022ED2B /* Project object */;
}
